// !$*UTF8*$!
{
	archiveVersion = 1;
	classes = {
	};
	objectVersion = 46;
	objects = {

/* Begin PBXBuildFile section */
		F4D74AA71AE4725000630239 /* AppDelegate.swift in Sources */ = {isa = PBXBuildFile; fileRef = F4D74AA61AE4725000630239 /* AppDelegate.swift */; };
		F4D74AAC1AE4725000630239 /* Main.storyboard in Resources */ = {isa = PBXBuildFile; fileRef = F4D74AAA1AE4725000630239 /* Main.storyboard */; };
		F4D74AAE1AE4725000630239 /* Images.xcassets in Resources */ = {isa = PBXBuildFile; fileRef = F4D74AAD1AE4725000630239 /* Images.xcassets */; };
		F4D74AB11AE4725000630239 /* LaunchScreen.xib in Resources */ = {isa = PBXBuildFile; fileRef = F4D74AAF1AE4725000630239 /* LaunchScreen.xib */; };
		F4D74ABD1AE4725000630239 /* GoogleImageSearchTests.swift in Sources */ = {isa = PBXBuildFile; fileRef = F4D74ABC1AE4725000630239 /* GoogleImageSearchTests.swift */; };
		F4D74AC71AE4734F00630239 /* ImageSearchController.swift in Sources */ = {isa = PBXBuildFile; fileRef = F4D74AC61AE4734F00630239 /* ImageSearchController.swift */; };
		F4EFB6EC1AE4835800A0468E /* ImageCell.swift in Sources */ = {isa = PBXBuildFile; fileRef = F4EFB6EB1AE4835800A0468E /* ImageCell.swift */; };
		F4EFB6F11AE4868A00A0468E /* GoogleImageLoader.swift in Sources */ = {isa = PBXBuildFile; fileRef = F4EFB6F01AE4868A00A0468E /* GoogleImageLoader.swift */; };
/* End PBXBuildFile section */

/* Begin PBXContainerItemProxy section */
		F4D74AB71AE4725000630239 /* PBXContainerItemProxy */ = {
			isa = PBXContainerItemProxy;
			containerPortal = F4D74A991AE4725000630239 /* Project object */;
			proxyType = 1;
			remoteGlobalIDString = F4D74AA01AE4725000630239;
			remoteInfo = GoogleImageSearch;
		};
/* End PBXContainerItemProxy section */

/* Begin PBXFileReference section */
		F4D74AA11AE4725000630239 /* GoogleImageSearch.app */ = {isa = PBXFileReference; explicitFileType = wrapper.application; includeInIndex = 0; path = GoogleImageSearch.app; sourceTree = BUILT_PRODUCTS_DIR; };
		F4D74AA51AE4725000630239 /* Info.plist */ = {isa = PBXFileReference; lastKnownFileType = text.plist.xml; path = Info.plist; sourceTree = "<group>"; };
		F4D74AA61AE4725000630239 /* AppDelegate.swift */ = {isa = PBXFileReference; lastKnownFileType = sourcecode.swift; path = AppDelegate.swift; sourceTree = "<group>"; };
		F4D74AAB1AE4725000630239 /* Base */ = {isa = PBXFileReference; lastKnownFileType = file.storyboard; name = Base; path = Base.lproj/Main.storyboard; sourceTree = "<group>"; };
		F4D74AAD1AE4725000630239 /* Images.xcassets */ = {isa = PBXFileReference; lastKnownFileType = folder.assetcatalog; path = Images.xcassets; sourceTree = "<group>"; };
		F4D74AB01AE4725000630239 /* Base */ = {isa = PBXFileReference; lastKnownFileType = file.xib; name = Base; path = Base.lproj/LaunchScreen.xib; sourceTree = "<group>"; };
		F4D74AB61AE4725000630239 /* GoogleImageSearchTests.xctest */ = {isa = PBXFileReference; explicitFileType = wrapper.cfbundle; includeInIndex = 0; path = GoogleImageSearchTests.xctest; sourceTree = BUILT_PRODUCTS_DIR; };
		F4D74ABB1AE4725000630239 /* Info.plist */ = {isa = PBXFileReference; lastKnownFileType = text.plist.xml; path = Info.plist; sourceTree = "<group>"; };
		F4D74ABC1AE4725000630239 /* GoogleImageSearchTests.swift */ = {isa = PBXFileReference; lastKnownFileType = sourcecode.swift; path = GoogleImageSearchTests.swift; sourceTree = "<group>"; };
		F4D74AC61AE4734F00630239 /* ImageSearchController.swift */ = {isa = PBXFileReference; fileEncoding = 4; lastKnownFileType = sourcecode.swift; path = ImageSearchController.swift; sourceTree = "<group>"; };
		F4EFB6EB1AE4835800A0468E /* ImageCell.swift */ = {isa = PBXFileReference; fileEncoding = 4; lastKnownFileType = sourcecode.swift; path = ImageCell.swift; sourceTree = "<group>"; };
		F4EFB6F01AE4868A00A0468E /* GoogleImageLoader.swift */ = {isa = PBXFileReference; fileEncoding = 4; lastKnownFileType = sourcecode.swift; path = GoogleImageLoader.swift; sourceTree = "<group>"; };
/* End PBXFileReference section */

/* Begin PBXFrameworksBuildPhase section */
		F4D74A9E1AE4725000630239 /* Frameworks */ = {
			isa = PBXFrameworksBuildPhase;
			buildActionMask = 2147483647;
			files = (
			);
			runOnlyForDeploymentPostprocessing = 0;
		};
		F4D74AB31AE4725000630239 /* Frameworks */ = {
			isa = PBXFrameworksBuildPhase;
			buildActionMask = 2147483647;
			files = (
			);
			runOnlyForDeploymentPostprocessing = 0;
		};
/* End PBXFrameworksBuildPhase section */

/* Begin PBXGroup section */
		F4D74A981AE4725000630239 = {
			isa = PBXGroup;
			children = (
				F4D74AA31AE4725000630239 /* GoogleImageSearch */,
				F4D74AB91AE4725000630239 /* GoogleImageSearchTests */,
				F4D74AA21AE4725000630239 /* Products */,
			);
			sourceTree = "<group>";
		};
		F4D74AA21AE4725000630239 /* Products */ = {
			isa = PBXGroup;
			children = (
				F4D74AA11AE4725000630239 /* GoogleImageSearch.app */,
				F4D74AB61AE4725000630239 /* GoogleImageSearchTests.xctest */,
			);
			name = Products;
			sourceTree = "<group>";
		};
		F4D74AA31AE4725000630239 /* GoogleImageSearch */ = {
			isa = PBXGroup;
			children = (
				F4EFB6ED1AE4861900A0468E /* Model */,
				F4EFB6EE1AE4862C00A0468E /* View */,
				F4EFB6EF1AE4863D00A0468E /* Controller */,
				F4D74AA41AE4725000630239 /* Supporting Files */,
			);
			path = GoogleImageSearch;
			sourceTree = "<group>";
		};
		F4D74AA41AE4725000630239 /* Supporting Files */ = {
			isa = PBXGroup;
			children = (
				F4D74AAD1AE4725000630239 /* Images.xcassets */,
				F4D74AAF1AE4725000630239 /* LaunchScreen.xib */,
				F4D74AA61AE4725000630239 /* AppDelegate.swift */,
				F4D74AA51AE4725000630239 /* Info.plist */,
			);
			name = "Supporting Files";
			sourceTree = "<group>";
		};
		F4D74AB91AE4725000630239 /* GoogleImageSearchTests */ = {
			isa = PBXGroup;
			children = (
				F4D74ABC1AE4725000630239 /* GoogleImageSearchTests.swift */,
				F4D74ABA1AE4725000630239 /* Supporting Files */,
			);
			path = GoogleImageSearchTests;
			sourceTree = "<group>";
		};
		F4D74ABA1AE4725000630239 /* Supporting Files */ = {
			isa = PBXGroup;
			children = (
				F4D74ABB1AE4725000630239 /* Info.plist */,
			);
			name = "Supporting Files";
			sourceTree = "<group>";
		};
		F4EFB6ED1AE4861900A0468E /* Model */ = {
			isa = PBXGroup;
			children = (
				F4EFB6F01AE4868A00A0468E /* GoogleImageLoader.swift */,
			);
			name = Model;
			sourceTree = "<group>";
		};
		F4EFB6EE1AE4862C00A0468E /* View */ = {
			isa = PBXGroup;
			children = (
				F4D74AAA1AE4725000630239 /* Main.storyboard */,
				F4EFB6EB1AE4835800A0468E /* ImageCell.swift */,
			);
			name = View;
			sourceTree = "<group>";
		};
		F4EFB6EF1AE4863D00A0468E /* Controller */ = {
			isa = PBXGroup;
			children = (
				F4D74AC61AE4734F00630239 /* ImageSearchController.swift */,
			);
			name = Controller;
			sourceTree = "<group>";
		};
/* End PBXGroup section */

/* Begin PBXNativeTarget section */
		F4D74AA01AE4725000630239 /* GoogleImageSearch */ = {
			isa = PBXNativeTarget;
			buildConfigurationList = F4D74AC01AE4725000630239 /* Build configuration list for PBXNativeTarget "GoogleImageSearch" */;
			buildPhases = (
				F4D74A9D1AE4725000630239 /* Sources */,
				F4D74A9E1AE4725000630239 /* Frameworks */,
				F4D74A9F1AE4725000630239 /* Resources */,
			);
			buildRules = (
			);
			dependencies = (
			);
			name = GoogleImageSearch;
			productName = GoogleImageSearch;
			productReference = F4D74AA11AE4725000630239 /* GoogleImageSearch.app */;
			productType = "com.apple.product-type.application";
		};
		F4D74AB51AE4725000630239 /* GoogleImageSearchTests */ = {
			isa = PBXNativeTarget;
			buildConfigurationList = F4D74AC31AE4725000630239 /* Build configuration list for PBXNativeTarget "GoogleImageSearchTests" */;
			buildPhases = (
				F4D74AB21AE4725000630239 /* Sources */,
				F4D74AB31AE4725000630239 /* Frameworks */,
				F4D74AB41AE4725000630239 /* Resources */,
			);
			buildRules = (
			);
			dependencies = (
				F4D74AB81AE4725000630239 /* PBXTargetDependency */,
			);
			name = GoogleImageSearchTests;
			productName = GoogleImageSearchTests;
			productReference = F4D74AB61AE4725000630239 /* GoogleImageSearchTests.xctest */;
			productType = "com.apple.product-type.bundle.unit-test";
		};
/* End PBXNativeTarget section */

/* Begin PBXProject section */
		F4D74A991AE4725000630239 /* Project object */ = {
			isa = PBXProject;
			attributes = {
				LastUpgradeCheck = 0630;
				ORGANIZATIONNAME = "Arun Nagarajan";
				TargetAttributes = {
					F4D74AA01AE4725000630239 = {
						CreatedOnToolsVersion = 6.3;
					};
					F4D74AB51AE4725000630239 = {
						CreatedOnToolsVersion = 6.3;
						TestTargetID = F4D74AA01AE4725000630239;
					};
				};
			};
			buildConfigurationList = F4D74A9C1AE4725000630239 /* Build configuration list for PBXProject "GoogleImageSearch" */;
			compatibilityVersion = "Xcode 3.2";
			developmentRegion = English;
			hasScannedForEncodings = 0;
			knownRegions = (
				en,
				Base,
			);
			mainGroup = F4D74A981AE4725000630239;
			productRefGroup = F4D74AA21AE4725000630239 /* Products */;
			projectDirPath = "";
			projectRoot = "";
			targets = (
				F4D74AA01AE4725000630239 /* GoogleImageSearch */,
				F4D74AB51AE4725000630239 /* GoogleImageSearchTests */,
			);
		};
/* End PBXProject section */

/* Begin PBXResourcesBuildPhase section */
		F4D74A9F1AE4725000630239 /* Resources */ = {
			isa = PBXResourcesBuildPhase;
			buildActionMask = 2147483647;
			files = (
				F4D74AAC1AE4725000630239 /* Main.storyboard in Resources */,
				F4D74AB11AE4725000630239 /* LaunchScreen.xib in Resources */,
				F4D74AAE1AE4725000630239 /* Images.xcassets in Resources */,
			);
			runOnlyForDeploymentPostprocessing = 0;
		};
		F4D74AB41AE4725000630239 /* Resources */ = {
			isa = PBXResourcesBuildPhase;
			buildActionMask = 2147483647;
			files = (
			);
			runOnlyForDeploymentPostprocessing = 0;
		};
/* End PBXResourcesBuildPhase section */

/* Begin PBXSourcesBuildPhase section */
		F4D74A9D1AE4725000630239 /* Sources */ = {
			isa = PBXSourcesBuildPhase;
			buildActionMask = 2147483647;
			files = (
				F4D74AA71AE4725000630239 /* AppDelegate.swift in Sources */,
				F4EFB6F11AE4868A00A0468E /* GoogleImageLoader.swift in Sources */,
				F4D74AC71AE4734F00630239 /* ImageSearchController.swift in Sources */,
				F4EFB6EC1AE4835800A0468E /* ImageCell.swift in Sources */,
			);
			runOnlyForDeploymentPostprocessing = 0;
		};
		F4D74AB21AE4725000630239 /* Sources */ = {
			isa = PBXSourcesBuildPhase;
			buildActionMask = 2147483647;
			files = (
				F4D74ABD1AE4725000630239 /* GoogleImageSearchTests.swift in Sources */,
			);
			runOnlyForDeploymentPostprocessing = 0;
		};
/* End PBXSourcesBuildPhase section */

/* Begin PBXTargetDependency section */
		F4D74AB81AE4725000630239 /* PBXTargetDependency */ = {
			isa = PBXTargetDependency;
			target = F4D74AA01AE4725000630239 /* GoogleImageSearch */;
			targetProxy = F4D74AB71AE4725000630239 /* PBXContainerItemProxy */;
		};
/* End PBXTargetDependency section */

/* Begin PBXVariantGroup section */
		F4D74AAA1AE4725000630239 /* Main.storyboard */ = {
			isa = PBXVariantGroup;
			children = (
				F4D74AAB1AE4725000630239 /* Base */,
			);
			name = Main.storyboard;
			sourceTree = "<group>";
		};
		F4D74AAF1AE4725000630239 /* LaunchScreen.xib */ = {
			isa = PBXVariantGroup;
			children = (
				F4D74AB01AE4725000630239 /* Base */,
			);
			name = LaunchScreen.xib;
			sourceTree = "<group>";
		};
/* End PBXVariantGroup section */

/* Begin XCBuildConfiguration section */
		F4D74ABE1AE4725000630239 /* Debug */ = {
			isa = XCBuildConfiguration;
			buildSettings = {
				ALWAYS_SEARCH_USER_PATHS = NO;
				CLANG_CXX_LANGUAGE_STANDARD = "gnu++0x";
				CLANG_CXX_LIBRARY = "libc++";
				CLANG_ENABLE_MODULES = YES;
				CLANG_ENABLE_OBJC_ARC = YES;
				CLANG_WARN_BOOL_CONVERSION = YES;
				CLANG_WARN_CONSTANT_CONVERSION = YES;
				CLANG_WARN_DIRECT_OBJC_ISA_USAGE = YES_ERROR;
				CLANG_WARN_EMPTY_BODY = YES;
				CLANG_WARN_ENUM_CONVERSION = YES;
				CLANG_WARN_INT_CONVERSION = YES;
				CLANG_WARN_OBJC_ROOT_CLASS = YES_ERROR;
				CLANG_WARN_UNREACHABLE_CODE = YES;
				CLANG_WARN__DUPLICATE_METHOD_MATCH = YES;
				"CODE_SIGN_IDENTITY[sdk=iphoneos*]" = "iPhone Developer";
				COPY_PHASE_STRIP = NO;
				DEBUG_INFORMATION_FORMAT = "dwarf-with-dsym";
				ENABLE_STRICT_OBJC_MSGSEND = YES;
				GCC_C_LANGUAGE_STANDARD = gnu99;
				GCC_DYNAMIC_NO_PIC = NO;
				GCC_NO_COMMON_BLOCKS = YES;
				GCC_OPTIMIZATION_LEVEL = 0;
				GCC_PREPROCESSOR_DEFINITIONS = (
					"DEBUG=1",
					"$(inherited)",
				);
				GCC_SYMBOLS_PRIVATE_EXTERN = NO;
				GCC_WARN_64_TO_32_BIT_CONVERSION = YES;
				GCC_WARN_ABOUT_RETURN_TYPE = YES_ERROR;
				GCC_WARN_UNDECLARED_SELECTOR = YES;
				GCC_WARN_UNINITIALIZED_AUTOS = YES_AGGRESSIVE;
				GCC_WARN_UNUSED_FUNCTION = YES;
				GCC_WARN_UNUSED_VARIABLE = YES;
				IPHONEOS_DEPLOYMENT_TARGET = 8.3;
				MTL_ENABLE_DEBUG_INFO = YES;
				ONLY_ACTIVE_ARCH = YES;
				SDKROOT = iphoneos;
				SWIFT_OPTIMIZATION_LEVEL = "-Onone";
				TARGETED_DEVICE_FAMILY = "1,2";
			};
			name = Debug;
		};
		F4D74ABF1AE4725000630239 /* Release */ = {
			isa = XCBuildConfiguration;
			buildSettings = {
				ALWAYS_SEARCH_USER_PATHS = NO;
				CLANG_CXX_LANGUAGE_STANDARD = "gnu++0x";
				CLANG_CXX_LIBRARY = "libc++";
				CLANG_ENABLE_MODULES = YES;
				CLANG_ENABLE_OBJC_ARC = YES;
				CLANG_WARN_BOOL_CONVERSION = YES;
				CLANG_WARN_CONSTANT_CONVERSION = YES;
				CLANG_WARN_DIRECT_OBJC_ISA_USAGE = YES_ERROR;
				CLANG_WARN_EMPTY_BODY = YES;
				CLANG_WARN_ENUM_CONVERSION = YES;
				CLANG_WARN_INT_CONVERSION = YES;
				CLANG_WARN_OBJC_ROOT_CLASS = YES_ERROR;
				CLANG_WARN_UNREACHABLE_CODE = YES;
				CLANG_WARN__DUPLICATE_METHOD_MATCH = YES;
				"CODE_SIGN_IDENTITY[sdk=iphoneos*]" = "iPhone Developer";
				COPY_PHASE_STRIP = NO;
				DEBUG_INFORMATION_FORMAT = "dwarf-with-dsym";
				ENABLE_NS_ASSERTIONS = NO;
				ENABLE_STRICT_OBJC_MSGSEND = YES;
				GCC_C_LANGUAGE_STANDARD = gnu99;
				GCC_NO_COMMON_BLOCKS = YES;
				GCC_WARN_64_TO_32_BIT_CONVERSION = YES;
				GCC_WARN_ABOUT_RETURN_TYPE = YES_ERROR;
				GCC_WARN_UNDECLARED_SELECTOR = YES;
				GCC_WARN_UNINITIALIZED_AUTOS = YES_AGGRESSIVE;
				GCC_WARN_UNUSED_FUNCTION = YES;
				GCC_WARN_UNUSED_VARIABLE = YES;
				IPHONEOS_DEPLOYMENT_TARGET = 8.3;
				MTL_ENABLE_DEBUG_INFO = NO;
				SDKROOT = iphoneos;
				TARGETED_DEVICE_FAMILY = "1,2";
				VALIDATE_PRODUCT = YES;
			};
			name = Release;
		};
		F4D74AC11AE4725000630239 /* Debug */ = {
			isa = XCBuildConfiguration;
			buildSettings = {
				ASSETCATALOG_COMPILER_APPICON_NAME = AppIcon;
				INFOPLIST_FILE = GoogleImageSearch/Info.plist;
				LD_RUNPATH_SEARCH_PATHS = "$(inherited) @executable_path/Frameworks";
				PRODUCT_NAME = "$(TARGET_NAME)";
			};
			name = Debug;
		};
		F4D74AC21AE4725000630239 /* Release */ = {
			isa = XCBuildConfiguration;
			buildSettings = {
				ASSETCATALOG_COMPILER_APPICON_NAME = AppIcon;
				INFOPLIST_FILE = GoogleImageSearch/Info.plist;
				LD_RUNPATH_SEARCH_PATHS = "$(inherited) @executable_path/Frameworks";
				PRODUCT_NAME = "$(TARGET_NAME)";
			};
			name = Release;
		};
		F4D74AC41AE4725000630239 /* Debug */ = {
			isa = XCBuildConfiguration;
			buildSettings = {
				BUNDLE_LOADER = "$(TEST_HOST)";
				FRAMEWORK_SEARCH_PATHS = (
					"$(SDKROOT)/Developer/Library/Frameworks",
					"$(inherited)",
				);
				GCC_PREPROCESSOR_DEFINITIONS = (
					"DEBUG=1",
					"$(inherited)",
				);
				INFOPLIST_FILE = GoogleImageSearchTests/Info.plist;
				LD_RUNPATH_SEARCH_PATHS = "$(inherited) @executable_path/Frameworks @loader_path/Frameworks";
				PRODUCT_NAME = "$(TARGET_NAME)";
				TEST_HOST = "$(BUILT_PRODUCTS_DIR)/GoogleImageSearch.app/GoogleImageSearch";
			};
			name = Debug;
		};
		F4D74AC51AE4725000630239 /* Release */ = {
			isa = XCBuildConfiguration;
			buildSettings = {
				BUNDLE_LOADER = "$(TEST_HOST)";
				FRAMEWORK_SEARCH_PATHS = (
					"$(SDKROOT)/Developer/Library/Frameworks",
					"$(inherited)",
				);
				INFOPLIST_FILE = GoogleImageSearchTests/Info.plist;
				LD_RUNPATH_SEARCH_PATHS = "$(inherited) @executable_path/Frameworks @loader_path/Frameworks";
				PRODUCT_NAME = "$(TARGET_NAME)";
				TEST_HOST = "$(BUILT_PRODUCTS_DIR)/GoogleImageSearch.app/GoogleImageSearch";
			};
			name = Release;
		};
/* End XCBuildConfiguration section */

/* Begin XCConfigurationList section */
		F4D74A9C1AE4725000630239 /* Build configuration list for PBXProject "GoogleImageSearch" */ = {
			isa = XCConfigurationList;
			buildConfigurations = (
				F4D74ABE1AE4725000630239 /* Debug */,
				F4D74ABF1AE4725000630239 /* Release */,
			);
			defaultConfigurationIsVisible = 0;
			defaultConfigurationName = Release;
		};
		F4D74AC01AE4725000630239 /* Build configuration list for PBXNativeTarget "GoogleImageSearch" */ = {
			isa = XCConfigurationList;
			buildConfigurations = (
				F4D74AC11AE4725000630239 /* Debug */,
				F4D74AC21AE4725000630239 /* Release */,
			);
			defaultConfigurationIsVisible = 0;
			defaultConfigurationName = Release;
		};
		F4D74AC31AE4725000630239 /* Build configuration list for PBXNativeTarget "GoogleImageSearchTests" */ = {
			isa = XCConfigurationList;
			buildConfigurations = (
				F4D74AC41AE4725000630239 /* Debug */,
				F4D74AC51AE4725000630239 /* Release */,
			);
			defaultConfigurationIsVisible = 0;
			defaultConfigurationName = Release;
		};
/* End XCConfigurationList section */
	};
	rootObject = F4D74A991AE4725000630239 /* Project object */;
}
